{
  "requires": true,
  "lockfileVersion": 1,
  "dependencies": {
    "cordova-plugin-datepicker": {
      "version": "0.9.3",
      "resolved": "https://registry.npmjs.org/cordova-plugin-datepicker/-/cordova-plugin-datepicker-0.9.3.tgz",
      "integrity": "sha1-JVipzlmY9tbcBs+S/Yu7nQkB8Wo="
    },
    "cordova-plugin-geolocation": {
      "version": "2.4.3",
      "resolved": "https://registry.npmjs.org/cordova-plugin-geolocation/-/cordova-plugin-geolocation-2.4.3.tgz",
      "integrity": "sha1-HdAAI9Hxos4zD4dn7Qj3tzj+cYQ=",
      "dev": true
    }
  }
}
